
Microsoft Visual Studio Solution File, Format Version 12.00
# Visual Studio Version 17
VisualStudioVersion = 17.5.002.0
MinimumVisualStudioVersion = 10.0.40219.1
Project("{9A19103F-16F7-4668-BE54-9A1E7A4F7556}") = "VuSolutionsWeb", "VuSolutionsWeb.csproj", "{A8B868BF-17ED-4B3B-B1DE-649BF5AE0BD2}"
EndProject
Project("{FAE04EC0-301F-11D3-BF4B-00C04F79EFBC}") = "MyVertexAiRest", "MyVertexAiRest\MyVertexAiRest.csproj", "{54C7036D-48F4-49AB-87E4-42695D098CD2}"
EndProject
Project("{FAE04EC0-301F-11D3-BF4B-00C04F79EFBC}") = "MyGeminiApiRest", "MyGeminiApiRest\MyGeminiApiRest.csproj", "{8D9CDAEE-15D3-4C02-A125-09337D6D69FB}"
EndProject
Global
	GlobalSection(SolutionConfigurationPlatforms) = preSolution
		Debug|Any CPU = Debug|Any CPU
		Release|Any CPU = Release|Any CPU
	EndGlobalSection
	GlobalSection(ProjectConfigurationPlatforms) = postSolution
		{A8B868BF-17ED-4B3B-B1DE-649BF5AE0BD2}.Debug|Any CPU.ActiveCfg = Debug|Any CPU
		{A8B868BF-17ED-4B3B-B1DE-649BF5AE0BD2}.Debug|Any CPU.Build.0 = Debug|Any CPU
		{A8B868BF-17ED-4B3B-B1DE-649BF5AE0BD2}.Release|Any CPU.ActiveCfg = Release|Any CPU
		{A8B868BF-17ED-4B3B-B1DE-649BF5AE0BD2}.Release|Any CPU.Build.0 = Release|Any CPU
		{54C7036D-48F4-49AB-87E4-42695D098CD2}.Debug|Any CPU.ActiveCfg = Debug|Any CPU
		{54C7036D-48F4-49AB-87E4-42695D098CD2}.Debug|Any CPU.Build.0 = Debug|Any CPU
		{54C7036D-48F4-49AB-87E4-42695D098CD2}.Release|Any CPU.ActiveCfg = Release|Any CPU
		{54C7036D-48F4-49AB-87E4-42695D098CD2}.Release|Any CPU.Build.0 = Release|Any CPU
		{8D9CDAEE-15D3-4C02-A125-09337D6D69FB}.Debug|Any CPU.ActiveCfg = Debug|Any CPU
		{8D9CDAEE-15D3-4C02-A125-09337D6D69FB}.Debug|Any CPU.Build.0 = Debug|Any CPU
		{8D9CDAEE-15D3-4C02-A125-09337D6D69FB}.Release|Any CPU.ActiveCfg = Release|Any CPU
		{8D9CDAEE-15D3-4C02-A125-09337D6D69FB}.Release|Any CPU.Build.0 = Release|Any CPU
	EndGlobalSection
	GlobalSection(SolutionProperties) = preSolution
		HideSolutionNode = FALSE
	EndGlobalSection
	GlobalSection(ExtensibilityGlobals) = postSolution
		SolutionGuid = {93DB99EB-8612-4B2D-8630-345307F1C894}
	EndGlobalSection
EndGlobal
